
Microsoft Visual Studio Solution File, Format Version 12.00
# Visual Studio 2012
Project("{FAE04EC0-301F-11D3-BF4B-00C04F79EFBC}") = "Babylon.Test", "Babylon.Test\Babylon.Test.csproj", "{31CF3D79-9B9A-4CC3-826C-EEDBD566CEB7}"
EndProject
Project("{9344BDBB-3E7F-41FC-A0DD-8665D75EE146}") = "Babylon.Android", "Babylon.Android\Babylon.Android.csproj", "{C3445CA7-9E3F-48D7-8C4F-97C403549162}"
EndProject
Project("{FAE04EC0-301F-11D3-BF4B-00C04F79EFBC}") = "Babylon.iOS", "Babylon.iOS\Babylon.iOS.csproj", "{8B45713A-E279-4445-86F3-83E9140D9867}"
EndProject
Project("{FAE04EC0-301F-11D3-BF4B-00C04F79EFBC}") = "Babylon", "Babylon\Babylon.csproj", "{2BDCE807-7914-417A-BE92-42AB253FA728}"
EndProject
Project("{FAE04EC0-301F-11D3-BF4B-00C04F79EFBC}") = "Babylon.UI", "Babylon.UI\Babylon.UI.csproj", "{45EA473D-A397-494C-82B2-CFC6DF6F616C}"
EndProject
Global
	GlobalSection(SolutionConfigurationPlatforms) = preSolution
		Debug|x86 = Debug|x86
		Release|x86 = Release|x86
		Debug|iPhoneSimulator = Debug|iPhoneSimulator
		Release|iPhoneSimulator = Release|iPhoneSimulator
		Debug|iPhone = Debug|iPhone
		Release|iPhone = Release|iPhone
		Ad-Hoc|iPhone = Ad-Hoc|iPhone
		AppStore|iPhone = AppStore|iPhone
	EndGlobalSection
	GlobalSection(ProjectConfigurationPlatforms) = postSolution
		{2BDCE807-7914-417A-BE92-42AB253FA728}.Ad-Hoc|iPhone.ActiveCfg = Release|Any CPU
		{2BDCE807-7914-417A-BE92-42AB253FA728}.Ad-Hoc|iPhone.Build.0 = Release|Any CPU
		{2BDCE807-7914-417A-BE92-42AB253FA728}.AppStore|iPhone.ActiveCfg = Release|Any CPU
		{2BDCE807-7914-417A-BE92-42AB253FA728}.AppStore|iPhone.Build.0 = Release|Any CPU
		{2BDCE807-7914-417A-BE92-42AB253FA728}.Debug|iPhone.ActiveCfg = Debug|Any CPU
		{2BDCE807-7914-417A-BE92-42AB253FA728}.Debug|iPhone.Build.0 = Debug|Any CPU
		{2BDCE807-7914-417A-BE92-42AB253FA728}.Debug|iPhoneSimulator.ActiveCfg = Debug|Any CPU
		{2BDCE807-7914-417A-BE92-42AB253FA728}.Debug|iPhoneSimulator.Build.0 = Debug|Any CPU
		{2BDCE807-7914-417A-BE92-42AB253FA728}.Debug|x86.ActiveCfg = Debug|Any CPU
		{2BDCE807-7914-417A-BE92-42AB253FA728}.Debug|x86.Build.0 = Debug|Any CPU
		{2BDCE807-7914-417A-BE92-42AB253FA728}.Release|iPhone.ActiveCfg = Release|Any CPU
		{2BDCE807-7914-417A-BE92-42AB253FA728}.Release|iPhone.Build.0 = Release|Any CPU
		{2BDCE807-7914-417A-BE92-42AB253FA728}.Release|iPhoneSimulator.ActiveCfg = Release|Any CPU
		{2BDCE807-7914-417A-BE92-42AB253FA728}.Release|iPhoneSimulator.Build.0 = Release|Any CPU
		{2BDCE807-7914-417A-BE92-42AB253FA728}.Release|x86.ActiveCfg = Release|Any CPU
		{2BDCE807-7914-417A-BE92-42AB253FA728}.Release|x86.Build.0 = Release|Any CPU
		{31CF3D79-9B9A-4CC3-826C-EEDBD566CEB7}.Ad-Hoc|iPhone.ActiveCfg = Debug|Any CPU
		{31CF3D79-9B9A-4CC3-826C-EEDBD566CEB7}.Ad-Hoc|iPhone.Build.0 = Debug|Any CPU
		{31CF3D79-9B9A-4CC3-826C-EEDBD566CEB7}.AppStore|iPhone.ActiveCfg = Debug|Any CPU
		{31CF3D79-9B9A-4CC3-826C-EEDBD566CEB7}.AppStore|iPhone.Build.0 = Debug|Any CPU
		{31CF3D79-9B9A-4CC3-826C-EEDBD566CEB7}.Debug|iPhone.ActiveCfg = Debug|Any CPU
		{31CF3D79-9B9A-4CC3-826C-EEDBD566CEB7}.Debug|iPhone.Build.0 = Debug|Any CPU
		{31CF3D79-9B9A-4CC3-826C-EEDBD566CEB7}.Debug|iPhoneSimulator.ActiveCfg = Debug|Any CPU
		{31CF3D79-9B9A-4CC3-826C-EEDBD566CEB7}.Debug|iPhoneSimulator.Build.0 = Debug|Any CPU
		{31CF3D79-9B9A-4CC3-826C-EEDBD566CEB7}.Debug|x86.ActiveCfg = Debug|Any CPU
		{31CF3D79-9B9A-4CC3-826C-EEDBD566CEB7}.Debug|x86.Build.0 = Debug|Any CPU
		{31CF3D79-9B9A-4CC3-826C-EEDBD566CEB7}.Release|iPhone.ActiveCfg = Release|Any CPU
		{31CF3D79-9B9A-4CC3-826C-EEDBD566CEB7}.Release|iPhone.Build.0 = Release|Any CPU
		{31CF3D79-9B9A-4CC3-826C-EEDBD566CEB7}.Release|iPhoneSimulator.ActiveCfg = Release|Any CPU
		{31CF3D79-9B9A-4CC3-826C-EEDBD566CEB7}.Release|iPhoneSimulator.Build.0 = Release|Any CPU
		{31CF3D79-9B9A-4CC3-826C-EEDBD566CEB7}.Release|x86.ActiveCfg = Release|Any CPU
		{31CF3D79-9B9A-4CC3-826C-EEDBD566CEB7}.Release|x86.Build.0 = Release|Any CPU
		{45EA473D-A397-494C-82B2-CFC6DF6F616C}.Ad-Hoc|iPhone.ActiveCfg = Release|Any CPU
		{45EA473D-A397-494C-82B2-CFC6DF6F616C}.Ad-Hoc|iPhone.Build.0 = Release|Any CPU
		{45EA473D-A397-494C-82B2-CFC6DF6F616C}.AppStore|iPhone.ActiveCfg = Release|Any CPU
		{45EA473D-A397-494C-82B2-CFC6DF6F616C}.AppStore|iPhone.Build.0 = Release|Any CPU
		{45EA473D-A397-494C-82B2-CFC6DF6F616C}.Debug|iPhone.ActiveCfg = Debug|Any CPU
		{45EA473D-A397-494C-82B2-CFC6DF6F616C}.Debug|iPhone.Build.0 = Debug|Any CPU
		{45EA473D-A397-494C-82B2-CFC6DF6F616C}.Debug|iPhoneSimulator.ActiveCfg = Debug|Any CPU
		{45EA473D-A397-494C-82B2-CFC6DF6F616C}.Debug|iPhoneSimulator.Build.0 = Debug|Any CPU
		{45EA473D-A397-494C-82B2-CFC6DF6F616C}.Debug|x86.ActiveCfg = Debug|Any CPU
		{45EA473D-A397-494C-82B2-CFC6DF6F616C}.Debug|x86.Build.0 = Debug|Any CPU
		{45EA473D-A397-494C-82B2-CFC6DF6F616C}.Release|iPhone.ActiveCfg = Release|Any CPU
		{45EA473D-A397-494C-82B2-CFC6DF6F616C}.Release|iPhone.Build.0 = Release|Any CPU
		{45EA473D-A397-494C-82B2-CFC6DF6F616C}.Release|iPhoneSimulator.ActiveCfg = Release|Any CPU
		{45EA473D-A397-494C-82B2-CFC6DF6F616C}.Release|iPhoneSimulator.Build.0 = Release|Any CPU
		{45EA473D-A397-494C-82B2-CFC6DF6F616C}.Release|x86.ActiveCfg = Release|Any CPU
		{45EA473D-A397-494C-82B2-CFC6DF6F616C}.Release|x86.Build.0 = Release|Any CPU
		{8B45713A-E279-4445-86F3-83E9140D9867}.Ad-Hoc|iPhone.ActiveCfg = Ad-Hoc|iPhone
		{8B45713A-E279-4445-86F3-83E9140D9867}.Ad-Hoc|iPhone.Build.0 = Ad-Hoc|iPhone
		{8B45713A-E279-4445-86F3-83E9140D9867}.AppStore|iPhone.ActiveCfg = AppStore|iPhone
		{8B45713A-E279-4445-86F3-83E9140D9867}.AppStore|iPhone.Build.0 = AppStore|iPhone
		{8B45713A-E279-4445-86F3-83E9140D9867}.Debug|iPhone.ActiveCfg = Debug|iPhone
		{8B45713A-E279-4445-86F3-83E9140D9867}.Debug|iPhone.Build.0 = Debug|iPhone
		{8B45713A-E279-4445-86F3-83E9140D9867}.Debug|iPhoneSimulator.ActiveCfg = Debug|iPhoneSimulator
		{8B45713A-E279-4445-86F3-83E9140D9867}.Debug|iPhoneSimulator.Build.0 = Debug|iPhoneSimulator
		{8B45713A-E279-4445-86F3-83E9140D9867}.Debug|x86.ActiveCfg = Debug|iPhoneSimulator
		{8B45713A-E279-4445-86F3-83E9140D9867}.Debug|x86.Build.0 = Debug|iPhoneSimulator
		{8B45713A-E279-4445-86F3-83E9140D9867}.Release|iPhone.ActiveCfg = Release|iPhone
		{8B45713A-E279-4445-86F3-83E9140D9867}.Release|iPhone.Build.0 = Release|iPhone
		{8B45713A-E279-4445-86F3-83E9140D9867}.Release|iPhoneSimulator.ActiveCfg = Release|iPhoneSimulator
		{8B45713A-E279-4445-86F3-83E9140D9867}.Release|iPhoneSimulator.Build.0 = Release|iPhoneSimulator
		{8B45713A-E279-4445-86F3-83E9140D9867}.Release|x86.ActiveCfg = Release|iPhoneSimulator
		{8B45713A-E279-4445-86F3-83E9140D9867}.Release|x86.Build.0 = Release|iPhoneSimulator
		{C3445CA7-9E3F-48D7-8C4F-97C403549162}.Ad-Hoc|iPhone.ActiveCfg = Debug|Any CPU
		{C3445CA7-9E3F-48D7-8C4F-97C403549162}.Ad-Hoc|iPhone.Build.0 = Debug|Any CPU
		{C3445CA7-9E3F-48D7-8C4F-97C403549162}.AppStore|iPhone.ActiveCfg = Debug|Any CPU
		{C3445CA7-9E3F-48D7-8C4F-97C403549162}.AppStore|iPhone.Build.0 = Debug|Any CPU
		{C3445CA7-9E3F-48D7-8C4F-97C403549162}.Debug|iPhone.ActiveCfg = Debug|Any CPU
		{C3445CA7-9E3F-48D7-8C4F-97C403549162}.Debug|iPhone.Build.0 = Debug|Any CPU
		{C3445CA7-9E3F-48D7-8C4F-97C403549162}.Debug|iPhoneSimulator.ActiveCfg = Debug|Any CPU
		{C3445CA7-9E3F-48D7-8C4F-97C403549162}.Debug|iPhoneSimulator.Build.0 = Debug|Any CPU
		{C3445CA7-9E3F-48D7-8C4F-97C403549162}.Debug|x86.ActiveCfg = Debug|Any CPU
		{C3445CA7-9E3F-48D7-8C4F-97C403549162}.Debug|x86.Build.0 = Debug|Any CPU
		{C3445CA7-9E3F-48D7-8C4F-97C403549162}.Release|iPhone.ActiveCfg = Release|Any CPU
		{C3445CA7-9E3F-48D7-8C4F-97C403549162}.Release|iPhone.Build.0 = Release|Any CPU
		{C3445CA7-9E3F-48D7-8C4F-97C403549162}.Release|iPhoneSimulator.ActiveCfg = Release|Any CPU
		{C3445CA7-9E3F-48D7-8C4F-97C403549162}.Release|iPhoneSimulator.Build.0 = Release|Any CPU
		{C3445CA7-9E3F-48D7-8C4F-97C403549162}.Release|x86.ActiveCfg = Release|Any CPU
		{C3445CA7-9E3F-48D7-8C4F-97C403549162}.Release|x86.Build.0 = Release|Any CPU
	EndGlobalSection
	GlobalSection(MonoDevelopProperties) = preSolution
		StartupItem = Babylon.iOS\Babylon.iOS.csproj
	EndGlobalSection
EndGlobal
